PODS:
  - Alamofire (5.3.0)
  - CDAlertView (0.10.0)
  - GoogleMaps (4.0.0):
    - GoogleMaps/Maps (= 4.0.0)
  - GoogleMaps/Base (4.0.0)
  - GoogleMaps/Maps (4.0.0):
    - GoogleMaps/Base
  - GooglePlaces (4.0.0):
    - GoogleMaps/Base (= 4.0.0)

DEPENDENCIES:
  - Alamofire
  - CDAlertView
  - GoogleMaps (= 4.0.0)
  - GooglePlaces (= 4.0.0)

SPEC REPOS:
  trunk:
    - Alamofire
    - CDAlertView
    - GoogleMaps
    - GooglePlaces

SPEC CHECKSUMS:
  Alamofire: 2c792affbdc2f18016e08fdbcacd60aebe1ba593
  CDAlertView: ee6a87c90c4283c8d316d55633db1a6981f1cc51
  GoogleMaps: b7f7fc569a9b354a3af0d9729dbec40957b7d41e
  GooglePlaces: ca8d4aba09ba79e0a829cf1dca03a41de6a09016

PODFILE CHECKSUM: d34616caa19f52de728209d072455270a2d53801

COCOAPODS: 1.9.3
