// !$*UTF8*$!
{
	archiveVersion = 1;
	classes = {
	};
	objectVersion = 51;
	objects = {

/* Begin PBXBuildFile section */
		762AD164256E791D009B62DA /* AppDelegate.swift in Sources */ = {isa = PBXBuildFile; fileRef = 762AD163256E791D009B62DA /* AppDelegate.swift */; };
		762AD166256E791D009B62DA /* SceneDelegate.swift in Sources */ = {isa = PBXBuildFile; fileRef = 762AD165256E791D009B62DA /* SceneDelegate.swift */; };
		762AD16B256E791D009B62DA /* Main.storyboard in Resources */ = {isa = PBXBuildFile; fileRef = 762AD169256E791D009B62DA /* Main.storyboard */; };
		762AD16D256E7920009B62DA /* Assets.xcassets in Resources */ = {isa = PBXBuildFile; fileRef = 762AD16C256E7920009B62DA /* Assets.xcassets */; };
		762AD170256E7920009B62DA /* LaunchScreen.storyboard in Resources */ = {isa = PBXBuildFile; fileRef = 762AD16E256E7920009B62DA /* LaunchScreen.storyboard */; };
		762AD19C256E84B5009B62DA /* Constants.swift in Sources */ = {isa = PBXBuildFile; fileRef = 762AD19B256E84B5009B62DA /* Constants.swift */; };
		762AD1A3256F18CA009B62DA /* TargetType.swift in Sources */ = {isa = PBXBuildFile; fileRef = 762AD1A2256F18CA009B62DA /* TargetType.swift */; };
		762AD1A7256F1A56009B62DA /* BaseApi.swift in Sources */ = {isa = PBXBuildFile; fileRef = 762AD1A6256F1A56009B62DA /* BaseApi.swift */; };
		762AD1AA256F1D35009B62DA /* BaseResponse.swift in Sources */ = {isa = PBXBuildFile; fileRef = 762AD1A9256F1D35009B62DA /* BaseResponse.swift */; };
		762AD1AD256F1F13009B62DA /* SupervisorModel.swift in Sources */ = {isa = PBXBuildFile; fileRef = 762AD1AC256F1F13009B62DA /* SupervisorModel.swift */; };
		762AD1B0256F368A009B62DA /* AboutUsModel.swift in Sources */ = {isa = PBXBuildFile; fileRef = 762AD1AF256F368A009B62DA /* AboutUsModel.swift */; };
		762AD1C9256F4115009B62DA /* ApiNetworking.swift in Sources */ = {isa = PBXBuildFile; fileRef = 762AD1C8256F4115009B62DA /* ApiNetworking.swift */; };
		762AD1CE256F45D6009B62DA /* MapViewController.swift in Sources */ = {isa = PBXBuildFile; fileRef = 762AD1CD256F45D6009B62DA /* MapViewController.swift */; };
		762AD1EE256F46C2009B62DA /* ApiHandler.swift in Sources */ = {isa = PBXBuildFile; fileRef = 762AD1ED256F46C2009B62DA /* ApiHandler.swift */; };
		762AD1F2256F4D02009B62DA /* DialogViewController.swift in Sources */ = {isa = PBXBuildFile; fileRef = 762AD1F1256F4D02009B62DA /* DialogViewController.swift */; };
		762AD203256F5122009B62DA /* BaseViewController.swift in Sources */ = {isa = PBXBuildFile; fileRef = 762AD202256F5122009B62DA /* BaseViewController.swift */; };
		76D9A1B5256F7FF700314CA3 /* ViewModel.swift in Sources */ = {isa = PBXBuildFile; fileRef = 76D9A1B4256F7FF700314CA3 /* ViewModel.swift */; };
		8BDB72005648EACEB5D5D695 /* Pods_QuantumsitTask.framework in Frameworks */ = {isa = PBXBuildFile; fileRef = 79CE4FF3B5DD472F9BF56BD0 /* Pods_QuantumsitTask.framework */; };
/* End PBXBuildFile section */

/* Begin PBXFileReference section */
		3E2D384655929A584729AAF5 /* Pods-QuantumsitTask.release.xcconfig */ = {isa = PBXFileReference; includeInIndex = 1; lastKnownFileType = text.xcconfig; name = "Pods-QuantumsitTask.release.xcconfig"; path = "Target Support Files/Pods-QuantumsitTask/Pods-QuantumsitTask.release.xcconfig"; sourceTree = "<group>"; };
		762AD160256E791D009B62DA /* QuantumsitTask.app */ = {isa = PBXFileReference; explicitFileType = wrapper.application; includeInIndex = 0; path = QuantumsitTask.app; sourceTree = BUILT_PRODUCTS_DIR; };
		762AD163256E791D009B62DA /* AppDelegate.swift */ = {isa = PBXFileReference; lastKnownFileType = sourcecode.swift; path = AppDelegate.swift; sourceTree = "<group>"; };
		762AD165256E791D009B62DA /* SceneDelegate.swift */ = {isa = PBXFileReference; lastKnownFileType = sourcecode.swift; path = SceneDelegate.swift; sourceTree = "<group>"; };
		762AD16A256E791D009B62DA /* Base */ = {isa = PBXFileReference; lastKnownFileType = file.storyboard; name = Base; path = Base.lproj/Main.storyboard; sourceTree = "<group>"; };
		762AD16C256E7920009B62DA /* Assets.xcassets */ = {isa = PBXFileReference; lastKnownFileType = folder.assetcatalog; path = Assets.xcassets; sourceTree = "<group>"; };
		762AD16F256E7920009B62DA /* Base */ = {isa = PBXFileReference; lastKnownFileType = file.storyboard; name = Base; path = Base.lproj/LaunchScreen.storyboard; sourceTree = "<group>"; };
		762AD171256E7920009B62DA /* Info.plist */ = {isa = PBXFileReference; lastKnownFileType = text.plist.xml; path = Info.plist; sourceTree = "<group>"; };
		762AD19B256E84B5009B62DA /* Constants.swift */ = {isa = PBXFileReference; lastKnownFileType = sourcecode.swift; path = Constants.swift; sourceTree = "<group>"; };
		762AD1A2256F18CA009B62DA /* TargetType.swift */ = {isa = PBXFileReference; lastKnownFileType = sourcecode.swift; path = TargetType.swift; sourceTree = "<group>"; };
		762AD1A6256F1A56009B62DA /* BaseApi.swift */ = {isa = PBXFileReference; lastKnownFileType = sourcecode.swift; path = BaseApi.swift; sourceTree = "<group>"; };
		762AD1A9256F1D35009B62DA /* BaseResponse.swift */ = {isa = PBXFileReference; lastKnownFileType = sourcecode.swift; path = BaseResponse.swift; sourceTree = "<group>"; };
		762AD1AC256F1F13009B62DA /* SupervisorModel.swift */ = {isa = PBXFileReference; lastKnownFileType = sourcecode.swift; path = SupervisorModel.swift; sourceTree = "<group>"; };
		762AD1AF256F368A009B62DA /* AboutUsModel.swift */ = {isa = PBXFileReference; lastKnownFileType = sourcecode.swift; path = AboutUsModel.swift; sourceTree = "<group>"; };
		762AD1C8256F4115009B62DA /* ApiNetworking.swift */ = {isa = PBXFileReference; lastKnownFileType = sourcecode.swift; path = ApiNetworking.swift; sourceTree = "<group>"; };
		762AD1CD256F45D6009B62DA /* MapViewController.swift */ = {isa = PBXFileReference; lastKnownFileType = sourcecode.swift; path = MapViewController.swift; sourceTree = "<group>"; };
		762AD1ED256F46C2009B62DA /* ApiHandler.swift */ = {isa = PBXFileReference; lastKnownFileType = sourcecode.swift; path = ApiHandler.swift; sourceTree = "<group>"; };
		762AD1F1256F4D02009B62DA /* DialogViewController.swift */ = {isa = PBXFileReference; lastKnownFileType = sourcecode.swift; path = DialogViewController.swift; sourceTree = "<group>"; };
		762AD202256F5122009B62DA /* BaseViewController.swift */ = {isa = PBXFileReference; lastKnownFileType = sourcecode.swift; path = BaseViewController.swift; sourceTree = "<group>"; };
		76D9A1B4256F7FF700314CA3 /* ViewModel.swift */ = {isa = PBXFileReference; lastKnownFileType = sourcecode.swift; path = ViewModel.swift; sourceTree = "<group>"; };
		79CE4FF3B5DD472F9BF56BD0 /* Pods_QuantumsitTask.framework */ = {isa = PBXFileReference; explicitFileType = wrapper.framework; includeInIndex = 0; path = Pods_QuantumsitTask.framework; sourceTree = BUILT_PRODUCTS_DIR; };
		F39FF6B3A1E99C68FE7FE0C4 /* Pods-QuantumsitTask.debug.xcconfig */ = {isa = PBXFileReference; includeInIndex = 1; lastKnownFileType = text.xcconfig; name = "Pods-QuantumsitTask.debug.xcconfig"; path = "Target Support Files/Pods-QuantumsitTask/Pods-QuantumsitTask.debug.xcconfig"; sourceTree = "<group>"; };
/* End PBXFileReference section */

/* Begin PBXFrameworksBuildPhase section */
		762AD15D256E791D009B62DA /* Frameworks */ = {
			isa = PBXFrameworksBuildPhase;
			buildActionMask = 2147483647;
			files = (
				8BDB72005648EACEB5D5D695 /* Pods_QuantumsitTask.framework in Frameworks */,
			);
			runOnlyForDeploymentPostprocessing = 0;
		};
/* End PBXFrameworksBuildPhase section */

/* Begin PBXGroup section */
		54875ED5AD820D735F3A8D03 /* Frameworks */ = {
			isa = PBXGroup;
			children = (
				79CE4FF3B5DD472F9BF56BD0 /* Pods_QuantumsitTask.framework */,
			);
			name = Frameworks;
			sourceTree = "<group>";
		};
		74DF417E9C9D3DBDB113F0B3 /* Pods */ = {
			isa = PBXGroup;
			children = (
				F39FF6B3A1E99C68FE7FE0C4 /* Pods-QuantumsitTask.debug.xcconfig */,
				3E2D384655929A584729AAF5 /* Pods-QuantumsitTask.release.xcconfig */,
			);
			path = Pods;
			sourceTree = "<group>";
		};
		762AD157256E791D009B62DA = {
			isa = PBXGroup;
			children = (
				762AD162256E791D009B62DA /* QuantumsitTask */,
				762AD161256E791D009B62DA /* Products */,
				74DF417E9C9D3DBDB113F0B3 /* Pods */,
				54875ED5AD820D735F3A8D03 /* Frameworks */,
			);
			sourceTree = "<group>";
		};
		762AD161256E791D009B62DA /* Products */ = {
			isa = PBXGroup;
			children = (
				762AD160256E791D009B62DA /* QuantumsitTask.app */,
			);
			name = Products;
			sourceTree = "<group>";
		};
		762AD162256E791D009B62DA /* QuantumsitTask */ = {
			isa = PBXGroup;
			children = (
				762AD191256E7BEA009B62DA /* Delegates */,
				762AD198256E7C88009B62DA /* Network */,
				762AD197256E7C77009B62DA /* Model */,
				762AD196256E7C5F009B62DA /* View */,
				762AD195256E7C56009B62DA /* ViewModel */,
				762AD19A256E8498009B62DA /* Helping */,
				762AD193256E7C36009B62DA /* Supporting Files */,
				762AD171256E7920009B62DA /* Info.plist */,
			);
			path = QuantumsitTask;
			sourceTree = "<group>";
		};
		762AD191256E7BEA009B62DA /* Delegates */ = {
			isa = PBXGroup;
			children = (
				762AD163256E791D009B62DA /* AppDelegate.swift */,
				762AD165256E791D009B62DA /* SceneDelegate.swift */,
			);
			path = Delegates;
			sourceTree = "<group>";
		};
		762AD193256E7C36009B62DA /* Supporting Files */ = {
			isa = PBXGroup;
			children = (
				762AD16C256E7920009B62DA /* Assets.xcassets */,
				762AD16E256E7920009B62DA /* LaunchScreen.storyboard */,
			);
			path = "Supporting Files";
			sourceTree = "<group>";
		};
		762AD195256E7C56009B62DA /* ViewModel */ = {
			isa = PBXGroup;
			children = (
				76D9A1B4256F7FF700314CA3 /* ViewModel.swift */,
			);
			path = ViewModel;
			sourceTree = "<group>";
		};
		762AD196256E7C5F009B62DA /* View */ = {
			isa = PBXGroup;
			children = (
				762AD1FA256F50A2009B62DA /* BaseView */,
				762AD1CC256F45B8009B62DA /* MapView */,
				762AD1F0256F4CBF009B62DA /* DialogView */,
				762AD169256E791D009B62DA /* Main.storyboard */,
			);
			path = View;
			sourceTree = "<group>";
		};
		762AD197256E7C77009B62DA /* Model */ = {
			isa = PBXGroup;
			children = (
				762AD1AC256F1F13009B62DA /* SupervisorModel.swift */,
				762AD1AF256F368A009B62DA /* AboutUsModel.swift */,
			);
			path = Model;
			sourceTree = "<group>";
		};
		762AD198256E7C88009B62DA /* Network */ = {
			isa = PBXGroup;
			children = (
				762AD1C7256F40E0009B62DA /* API */,
				762AD1A1256F17E4009B62DA /* Base */,
			);
			path = Network;
			sourceTree = "<group>";
		};
		762AD19A256E8498009B62DA /* Helping */ = {
			isa = PBXGroup;
			children = (
				762AD19B256E84B5009B62DA /* Constants.swift */,
			);
			path = Helping;
			sourceTree = "<group>";
		};
		762AD1A1256F17E4009B62DA /* Base */ = {
			isa = PBXGroup;
			children = (
				762AD1A2256F18CA009B62DA /* TargetType.swift */,
				762AD1A6256F1A56009B62DA /* BaseApi.swift */,
				762AD1A9256F1D35009B62DA /* BaseResponse.swift */,
			);
			path = Base;
			sourceTree = "<group>";
		};
		762AD1C7256F40E0009B62DA /* API */ = {
			isa = PBXGroup;
			children = (
				762AD1C8256F4115009B62DA /* ApiNetworking.swift */,
				762AD1ED256F46C2009B62DA /* ApiHandler.swift */,
			);
			path = API;
			sourceTree = "<group>";
		};
		762AD1CC256F45B8009B62DA /* MapView */ = {
			isa = PBXGroup;
			children = (
				762AD1CD256F45D6009B62DA /* MapViewController.swift */,
			);
			path = MapView;
			sourceTree = "<group>";
		};
		762AD1F0256F4CBF009B62DA /* DialogView */ = {
			isa = PBXGroup;
			children = (
				762AD1F1256F4D02009B62DA /* DialogViewController.swift */,
			);
			path = DialogView;
			sourceTree = "<group>";
		};
		762AD1FA256F50A2009B62DA /* BaseView */ = {
			isa = PBXGroup;
			children = (
				762AD202256F5122009B62DA /* BaseViewController.swift */,
			);
			path = BaseView;
			sourceTree = "<group>";
		};
/* End PBXGroup section */

/* Begin PBXNativeTarget section */
		762AD15F256E791D009B62DA /* QuantumsitTask */ = {
			isa = PBXNativeTarget;
			buildConfigurationList = 762AD174256E7920009B62DA /* Build configuration list for PBXNativeTarget "QuantumsitTask" */;
			buildPhases = (
				A41E213FD010A7E1863226AC /* [CP] Check Pods Manifest.lock */,
				762AD15C256E791D009B62DA /* Sources */,
				762AD15D256E791D009B62DA /* Frameworks */,
				762AD15E256E791D009B62DA /* Resources */,
				4B37C66FD8EB89B89AE286F9 /* [CP] Embed Pods Frameworks */,
				CDAA17E81871A510A0D8532E /* [CP] Copy Pods Resources */,
			);
			buildRules = (
			);
			dependencies = (
			);
			name = QuantumsitTask;
			productName = QuantumsitTask;
			productReference = 762AD160256E791D009B62DA /* QuantumsitTask.app */;
			productType = "com.apple.product-type.application";
		};
/* End PBXNativeTarget section */

/* Begin PBXProject section */
		762AD158256E791D009B62DA /* Project object */ = {
			isa = PBXProject;
			attributes = {
				LastSwiftUpdateCheck = 1220;
				LastUpgradeCheck = 1220;
				TargetAttributes = {
					762AD15F256E791D009B62DA = {
						CreatedOnToolsVersion = 12.2;
					};
				};
			};
			buildConfigurationList = 762AD15B256E791D009B62DA /* Build configuration list for PBXProject "QuantumsitTask" */;
			compatibilityVersion = "Xcode 9.3";
			developmentRegion = en;
			hasScannedForEncodings = 0;
			knownRegions = (
				en,
				Base,
			);
			mainGroup = 762AD157256E791D009B62DA;
			productRefGroup = 762AD161256E791D009B62DA /* Products */;
			projectDirPath = "";
			projectRoot = "";
			targets = (
				762AD15F256E791D009B62DA /* QuantumsitTask */,
			);
		};
/* End PBXProject section */

/* Begin PBXResourcesBuildPhase section */
		762AD15E256E791D009B62DA /* Resources */ = {
			isa = PBXResourcesBuildPhase;
			buildActionMask = 2147483647;
			files = (
				762AD170256E7920009B62DA /* LaunchScreen.storyboard in Resources */,
				762AD16D256E7920009B62DA /* Assets.xcassets in Resources */,
				762AD16B256E791D009B62DA /* Main.storyboard in Resources */,
			);
			runOnlyForDeploymentPostprocessing = 0;
		};
/* End PBXResourcesBuildPhase section */

/* Begin PBXShellScriptBuildPhase section */
		4B37C66FD8EB89B89AE286F9 /* [CP] Embed Pods Frameworks */ = {
			isa = PBXShellScriptBuildPhase;
			buildActionMask = 2147483647;
			files = (
			);
			inputFileListPaths = (
				"${PODS_ROOT}/Target Support Files/Pods-QuantumsitTask/Pods-QuantumsitTask-frameworks-${CONFIGURATION}-input-files.xcfilelist",
			);
			name = "[CP] Embed Pods Frameworks";
			outputFileListPaths = (
				"${PODS_ROOT}/Target Support Files/Pods-QuantumsitTask/Pods-QuantumsitTask-frameworks-${CONFIGURATION}-output-files.xcfilelist",
			);
			runOnlyForDeploymentPostprocessing = 0;
			shellPath = /bin/sh;
			shellScript = "\"${PODS_ROOT}/Target Support Files/Pods-QuantumsitTask/Pods-QuantumsitTask-frameworks.sh\"\n";
			showEnvVarsInLog = 0;
		};
		A41E213FD010A7E1863226AC /* [CP] Check Pods Manifest.lock */ = {
			isa = PBXShellScriptBuildPhase;
			buildActionMask = 2147483647;
			files = (
			);
			inputFileListPaths = (
			);
			inputPaths = (
				"${PODS_PODFILE_DIR_PATH}/Podfile.lock",
				"${PODS_ROOT}/Manifest.lock",
			);
			name = "[CP] Check Pods Manifest.lock";
			outputFileListPaths = (
			);
			outputPaths = (
				"$(DERIVED_FILE_DIR)/Pods-QuantumsitTask-checkManifestLockResult.txt",
			);
			runOnlyForDeploymentPostprocessing = 0;
			shellPath = /bin/sh;
			shellScript = "diff \"${PODS_PODFILE_DIR_PATH}/Podfile.lock\" \"${PODS_ROOT}/Manifest.lock\" > /dev/null\nif [ $? != 0 ] ; then\n    # print error to STDERR\n    echo \"error: The sandbox is not in sync with the Podfile.lock. Run 'pod install' or update your CocoaPods installation.\" >&2\n    exit 1\nfi\n# This output is used by Xcode 'outputs' to avoid re-running this script phase.\necho \"SUCCESS\" > \"${SCRIPT_OUTPUT_FILE_0}\"\n";
			showEnvVarsInLog = 0;
		};
		CDAA17E81871A510A0D8532E /* [CP] Copy Pods Resources */ = {
			isa = PBXShellScriptBuildPhase;
			buildActionMask = 2147483647;
			files = (
			);
			inputFileListPaths = (
				"${PODS_ROOT}/Target Support Files/Pods-QuantumsitTask/Pods-QuantumsitTask-resources-${CONFIGURATION}-input-files.xcfilelist",
			);
			name = "[CP] Copy Pods Resources";
			outputFileListPaths = (
				"${PODS_ROOT}/Target Support Files/Pods-QuantumsitTask/Pods-QuantumsitTask-resources-${CONFIGURATION}-output-files.xcfilelist",
			);
			runOnlyForDeploymentPostprocessing = 0;
			shellPath = /bin/sh;
			shellScript = "\"${PODS_ROOT}/Target Support Files/Pods-QuantumsitTask/Pods-QuantumsitTask-resources.sh\"\n";
			showEnvVarsInLog = 0;
		};
/* End PBXShellScriptBuildPhase section */

/* Begin PBXSourcesBuildPhase section */
		762AD15C256E791D009B62DA /* Sources */ = {
			isa = PBXSourcesBuildPhase;
			buildActionMask = 2147483647;
			files = (
				762AD203256F5122009B62DA /* BaseViewController.swift in Sources */,
				762AD1C9256F4115009B62DA /* ApiNetworking.swift in Sources */,
				762AD1A3256F18CA009B62DA /* TargetType.swift in Sources */,
				762AD164256E791D009B62DA /* AppDelegate.swift in Sources */,
				762AD1CE256F45D6009B62DA /* MapViewController.swift in Sources */,
				762AD166256E791D009B62DA /* SceneDelegate.swift in Sources */,
				762AD1AA256F1D35009B62DA /* BaseResponse.swift in Sources */,
				76D9A1B5256F7FF700314CA3 /* ViewModel.swift in Sources */,
				762AD1EE256F46C2009B62DA /* ApiHandler.swift in Sources */,
				762AD1F2256F4D02009B62DA /* DialogViewController.swift in Sources */,
				762AD1A7256F1A56009B62DA /* BaseApi.swift in Sources */,
				762AD1B0256F368A009B62DA /* AboutUsModel.swift in Sources */,
				762AD1AD256F1F13009B62DA /* SupervisorModel.swift in Sources */,
				762AD19C256E84B5009B62DA /* Constants.swift in Sources */,
			);
			runOnlyForDeploymentPostprocessing = 0;
		};
/* End PBXSourcesBuildPhase section */

/* Begin PBXVariantGroup section */
		762AD169256E791D009B62DA /* Main.storyboard */ = {
			isa = PBXVariantGroup;
			children = (
				762AD16A256E791D009B62DA /* Base */,
			);
			name = Main.storyboard;
			sourceTree = "<group>";
		};
		762AD16E256E7920009B62DA /* LaunchScreen.storyboard */ = {
			isa = PBXVariantGroup;
			children = (
				762AD16F256E7920009B62DA /* Base */,
			);
			name = LaunchScreen.storyboard;
			sourceTree = "<group>";
		};
/* End PBXVariantGroup section */

/* Begin XCBuildConfiguration section */
		762AD172256E7920009B62DA /* Debug */ = {
			isa = XCBuildConfiguration;
			buildSettings = {
				ALWAYS_SEARCH_USER_PATHS = NO;
				CLANG_ANALYZER_NONNULL = YES;
				CLANG_ANALYZER_NUMBER_OBJECT_CONVERSION = YES_AGGRESSIVE;
				CLANG_CXX_LANGUAGE_STANDARD = "gnu++14";
				CLANG_CXX_LIBRARY = "libc++";
				CLANG_ENABLE_MODULES = YES;
				CLANG_ENABLE_OBJC_ARC = YES;
				CLANG_ENABLE_OBJC_WEAK = YES;
				CLANG_WARN_BLOCK_CAPTURE_AUTORELEASING = YES;
				CLANG_WARN_BOOL_CONVERSION = YES;
				CLANG_WARN_COMMA = YES;
				CLANG_WARN_CONSTANT_CONVERSION = YES;
				CLANG_WARN_DEPRECATED_OBJC_IMPLEMENTATIONS = YES;
				CLANG_WARN_DIRECT_OBJC_ISA_USAGE = YES_ERROR;
				CLANG_WARN_DOCUMENTATION_COMMENTS = YES;
				CLANG_WARN_EMPTY_BODY = YES;
				CLANG_WARN_ENUM_CONVERSION = YES;
				CLANG_WARN_INFINITE_RECURSION = YES;
				CLANG_WARN_INT_CONVERSION = YES;
				CLANG_WARN_NON_LITERAL_NULL_CONVERSION = YES;
				CLANG_WARN_OBJC_IMPLICIT_RETAIN_SELF = YES;
				CLANG_WARN_OBJC_LITERAL_CONVERSION = YES;
				CLANG_WARN_OBJC_ROOT_CLASS = YES_ERROR;
				CLANG_WARN_QUOTED_INCLUDE_IN_FRAMEWORK_HEADER = YES;
				CLANG_WARN_RANGE_LOOP_ANALYSIS = YES;
				CLANG_WARN_STRICT_PROTOTYPES = YES;
				CLANG_WARN_SUSPICIOUS_MOVE = YES;
				CLANG_WARN_UNGUARDED_AVAILABILITY = YES_AGGRESSIVE;
				CLANG_WARN_UNREACHABLE_CODE = YES;
				CLANG_WARN__DUPLICATE_METHOD_MATCH = YES;
				COPY_PHASE_STRIP = NO;
				DEBUG_INFORMATION_FORMAT = dwarf;
				ENABLE_STRICT_OBJC_MSGSEND = YES;
				ENABLE_TESTABILITY = YES;
				GCC_C_LANGUAGE_STANDARD = gnu11;
				GCC_DYNAMIC_NO_PIC = NO;
				GCC_NO_COMMON_BLOCKS = YES;
				GCC_OPTIMIZATION_LEVEL = 0;
				GCC_PREPROCESSOR_DEFINITIONS = (
					"DEBUG=1",
					"$(inherited)",
				);
				GCC_WARN_64_TO_32_BIT_CONVERSION = YES;
				GCC_WARN_ABOUT_RETURN_TYPE = YES_ERROR;
				GCC_WARN_UNDECLARED_SELECTOR = YES;
				GCC_WARN_UNINITIALIZED_AUTOS = YES_AGGRESSIVE;
				GCC_WARN_UNUSED_FUNCTION = YES;
				GCC_WARN_UNUSED_VARIABLE = YES;
				IPHONEOS_DEPLOYMENT_TARGET = 14.2;
				MTL_ENABLE_DEBUG_INFO = INCLUDE_SOURCE;
				MTL_FAST_MATH = YES;
				ONLY_ACTIVE_ARCH = YES;
				SDKROOT = iphoneos;
				SWIFT_ACTIVE_COMPILATION_CONDITIONS = DEBUG;
				SWIFT_OPTIMIZATION_LEVEL = "-Onone";
			};
			name = Debug;
		};
		762AD173256E7920009B62DA /* Release */ = {
			isa = XCBuildConfiguration;
			buildSettings = {
				ALWAYS_SEARCH_USER_PATHS = NO;
				CLANG_ANALYZER_NONNULL = YES;
				CLANG_ANALYZER_NUMBER_OBJECT_CONVERSION = YES_AGGRESSIVE;
				CLANG_CXX_LANGUAGE_STANDARD = "gnu++14";
				CLANG_CXX_LIBRARY = "libc++";
				CLANG_ENABLE_MODULES = YES;
				CLANG_ENABLE_OBJC_ARC = YES;
				CLANG_ENABLE_OBJC_WEAK = YES;
				CLANG_WARN_BLOCK_CAPTURE_AUTORELEASING = YES;
				CLANG_WARN_BOOL_CONVERSION = YES;
				CLANG_WARN_COMMA = YES;
				CLANG_WARN_CONSTANT_CONVERSION = YES;
				CLANG_WARN_DEPRECATED_OBJC_IMPLEMENTATIONS = YES;
				CLANG_WARN_DIRECT_OBJC_ISA_USAGE = YES_ERROR;
				CLANG_WARN_DOCUMENTATION_COMMENTS = YES;
				CLANG_WARN_EMPTY_BODY = YES;
				CLANG_WARN_ENUM_CONVERSION = YES;
				CLANG_WARN_INFINITE_RECURSION = YES;
				CLANG_WARN_INT_CONVERSION = YES;
				CLANG_WARN_NON_LITERAL_NULL_CONVERSION = YES;
				CLANG_WARN_OBJC_IMPLICIT_RETAIN_SELF = YES;
				CLANG_WARN_OBJC_LITERAL_CONVERSION = YES;
				CLANG_WARN_OBJC_ROOT_CLASS = YES_ERROR;
				CLANG_WARN_QUOTED_INCLUDE_IN_FRAMEWORK_HEADER = YES;
				CLANG_WARN_RANGE_LOOP_ANALYSIS = YES;
				CLANG_WARN_STRICT_PROTOTYPES = YES;
				CLANG_WARN_SUSPICIOUS_MOVE = YES;
				CLANG_WARN_UNGUARDED_AVAILABILITY = YES_AGGRESSIVE;
				CLANG_WARN_UNREACHABLE_CODE = YES;
				CLANG_WARN__DUPLICATE_METHOD_MATCH = YES;
				COPY_PHASE_STRIP = NO;
				DEBUG_INFORMATION_FORMAT = "dwarf-with-dsym";
				ENABLE_NS_ASSERTIONS = NO;
				ENABLE_STRICT_OBJC_MSGSEND = YES;
				GCC_C_LANGUAGE_STANDARD = gnu11;
				GCC_NO_COMMON_BLOCKS = YES;
				GCC_WARN_64_TO_32_BIT_CONVERSION = YES;
				GCC_WARN_ABOUT_RETURN_TYPE = YES_ERROR;
				GCC_WARN_UNDECLARED_SELECTOR = YES;
				GCC_WARN_UNINITIALIZED_AUTOS = YES_AGGRESSIVE;
				GCC_WARN_UNUSED_FUNCTION = YES;
				GCC_WARN_UNUSED_VARIABLE = YES;
				IPHONEOS_DEPLOYMENT_TARGET = 14.2;
				MTL_ENABLE_DEBUG_INFO = NO;
				MTL_FAST_MATH = YES;
				SDKROOT = iphoneos;
				SWIFT_COMPILATION_MODE = wholemodule;
				SWIFT_OPTIMIZATION_LEVEL = "-O";
				VALIDATE_PRODUCT = YES;
			};
			name = Release;
		};
		762AD175256E7920009B62DA /* Debug */ = {
			isa = XCBuildConfiguration;
			baseConfigurationReference = F39FF6B3A1E99C68FE7FE0C4 /* Pods-QuantumsitTask.debug.xcconfig */;
			buildSettings = {
				ASSETCATALOG_COMPILER_APPICON_NAME = AppIcon;
				ASSETCATALOG_COMPILER_GLOBAL_ACCENT_COLOR_NAME = AccentColor;
				CODE_SIGN_STYLE = Automatic;
				DEVELOPMENT_TEAM = QVCZFS2TP2;
				INFOPLIST_FILE = QuantumsitTask/Info.plist;
				LD_RUNPATH_SEARCH_PATHS = (
					"$(inherited)",
					"@executable_path/Frameworks",
				);
				PRODUCT_BUNDLE_IDENTIFIER = esma.QuantumsitTask;
				PRODUCT_NAME = "$(TARGET_NAME)";
				SWIFT_VERSION = 5.0;
				TARGETED_DEVICE_FAMILY = "1,2";
			};
			name = Debug;
		};
		762AD176256E7920009B62DA /* Release */ = {
			isa = XCBuildConfiguration;
			baseConfigurationReference = 3E2D384655929A584729AAF5 /* Pods-QuantumsitTask.release.xcconfig */;
			buildSettings = {
				ASSETCATALOG_COMPILER_APPICON_NAME = AppIcon;
				ASSETCATALOG_COMPILER_GLOBAL_ACCENT_COLOR_NAME = AccentColor;
				CODE_SIGN_STYLE = Automatic;
				DEVELOPMENT_TEAM = QVCZFS2TP2;
				INFOPLIST_FILE = QuantumsitTask/Info.plist;
				LD_RUNPATH_SEARCH_PATHS = (
					"$(inherited)",
					"@executable_path/Frameworks",
				);
				PRODUCT_BUNDLE_IDENTIFIER = esma.QuantumsitTask;
				PRODUCT_NAME = "$(TARGET_NAME)";
				SWIFT_VERSION = 5.0;
				TARGETED_DEVICE_FAMILY = "1,2";
			};
			name = Release;
		};
/* End XCBuildConfiguration section */

/* Begin XCConfigurationList section */
		762AD15B256E791D009B62DA /* Build configuration list for PBXProject "QuantumsitTask" */ = {
			isa = XCConfigurationList;
			buildConfigurations = (
				762AD172256E7920009B62DA /* Debug */,
				762AD173256E7920009B62DA /* Release */,
			);
			defaultConfigurationIsVisible = 0;
			defaultConfigurationName = Release;
		};
		762AD174256E7920009B62DA /* Build configuration list for PBXNativeTarget "QuantumsitTask" */ = {
			isa = XCConfigurationList;
			buildConfigurations = (
				762AD175256E7920009B62DA /* Debug */,
				762AD176256E7920009B62DA /* Release */,
			);
			defaultConfigurationIsVisible = 0;
			defaultConfigurationName = Release;
		};
/* End XCConfigurationList section */
	};
	rootObject = 762AD158256E791D009B62DA /* Project object */;
}
